
Microsoft Visual Studio Solution File, Format Version 12.00
# Visual Studio 14
VisualStudioVersion = 14.0.24720.0
MinimumVisualStudioVersion = 10.0.40219.1
Project("{FAE04EC0-301F-11D3-BF4B-00C04F79EFBC}") = "PhoenixSystem.Engine.Tests", "PhoenixSystem.Engine.Tests\PhoenixSystem.Engine.Tests.csproj", "{B9214CD8-C76B-422C-9006-486948692767}"
EndProject
Project("{FAE04EC0-301F-11D3-BF4B-00C04F79EFBC}") = "PhoenixSystem.Engine", "PhoenixSystem.Engine\PhoenixSystem.Engine.csproj", "{6997DC99-5867-4EF9-8DF9-B4A4C41C28D6}"
EndProject
Project("{2150E333-8FDC-42A3-9474-1A3956D46DE8}") = "Solution Items", "Solution Items", "{E6853AC0-C84D-452F-B2DB-1511CCC296D4}"
	ProjectSection(SolutionItems) = preProject
		nuget.config = nuget.config
	EndProjectSection
EndProject
Global
	GlobalSection(SolutionConfigurationPlatforms) = preSolution
		Debug|Any CPU = Debug|Any CPU
		Release|Any CPU = Release|Any CPU
	EndGlobalSection
	GlobalSection(ProjectConfigurationPlatforms) = postSolution
		{B9214CD8-C76B-422C-9006-486948692767}.Debug|Any CPU.ActiveCfg = Debug|Any CPU
		{B9214CD8-C76B-422C-9006-486948692767}.Debug|Any CPU.Build.0 = Debug|Any CPU
		{B9214CD8-C76B-422C-9006-486948692767}.Release|Any CPU.ActiveCfg = Release|Any CPU
		{B9214CD8-C76B-422C-9006-486948692767}.Release|Any CPU.Build.0 = Release|Any CPU
		{6997DC99-5867-4EF9-8DF9-B4A4C41C28D6}.Debug|Any CPU.ActiveCfg = Debug|Any CPU
		{6997DC99-5867-4EF9-8DF9-B4A4C41C28D6}.Debug|Any CPU.Build.0 = Debug|Any CPU
		{6997DC99-5867-4EF9-8DF9-B4A4C41C28D6}.Release|Any CPU.ActiveCfg = Release|Any CPU
		{6997DC99-5867-4EF9-8DF9-B4A4C41C28D6}.Release|Any CPU.Build.0 = Release|Any CPU
	EndGlobalSection
	GlobalSection(SolutionProperties) = preSolution
		HideSolutionNode = FALSE
	EndGlobalSection
EndGlobal
